
Microsoft Visual Studio Solution File, Format Version 12.00
# Visual Studio Version 17
VisualStudioVersion = 17.3.32825.248
MinimumVisualStudioVersion = 10.0.40219.1
Project("{FAE04EC0-301F-11D3-BF4B-00C04F79EFBC}") = "MaxCount", "MaxCount\MaxCount.csproj", "{5B27569C-17A7-48B3-862C-B65A29B62B22}"
EndProject
Global
	GlobalSection(SolutionConfigurationPlatforms) = preSolution
		Debug|Any CPU = Debug|Any CPU
		Release|Any CPU = Release|Any CPU
	EndGlobalSection
	GlobalSection(ProjectConfigurationPlatforms) = postSolution
		{5B27569C-17A7-48B3-862C-B65A29B62B22}.Debug|Any CPU.ActiveCfg = Debug|Any CPU
		{5B27569C-17A7-48B3-862C-B65A29B62B22}.Debug|Any CPU.Build.0 = Debug|Any CPU
		{5B27569C-17A7-48B3-862C-B65A29B62B22}.Release|Any CPU.ActiveCfg = Release|Any CPU
		{5B27569C-17A7-48B3-862C-B65A29B62B22}.Release|Any CPU.Build.0 = Release|Any CPU
	EndGlobalSection
	GlobalSection(SolutionProperties) = preSolution
		HideSolutionNode = FALSE
	EndGlobalSection
	GlobalSection(ExtensibilityGlobals) = postSolution
		SolutionGuid = {A8354D56-E757-4CD9-98E5-6B93DFF75FF0}
	EndGlobalSection
EndGlobal
